
Microsoft Visual Studio Solution File, Format Version 12.00
# Visual Studio 14
VisualStudioVersion = 14.0.25420.1
MinimumVisualStudioVersion = 10.0.40219.1
Project("{FAE04EC0-301F-11D3-BF4B-00C04F79EFBC}") = "BinaryTree", "BinaryTree\BinaryTree.csproj", "{0F3F9136-254F-44D9-A962-B4A91E637748}"
EndProject
Project("{FAE04EC0-301F-11D3-BF4B-00C04F79EFBC}") = "BinaryTreeTest", "BinaryTreeTest\BinaryTreeTest.csproj", "{F8F33F71-68D3-400C-A6A8-3CCB67B5FCFC}"
EndProject
Global
	GlobalSection(SolutionConfigurationPlatforms) = preSolution
		Debug|Any CPU = Debug|Any CPU
		Release|Any CPU = Release|Any CPU
	EndGlobalSection
	GlobalSection(ProjectConfigurationPlatforms) = postSolution
		{0F3F9136-254F-44D9-A962-B4A91E637748}.Debug|Any CPU.ActiveCfg = Debug|Any CPU
		{0F3F9136-254F-44D9-A962-B4A91E637748}.Debug|Any CPU.Build.0 = Debug|Any CPU
		{0F3F9136-254F-44D9-A962-B4A91E637748}.Release|Any CPU.ActiveCfg = Release|Any CPU
		{0F3F9136-254F-44D9-A962-B4A91E637748}.Release|Any CPU.Build.0 = Release|Any CPU
		{F8F33F71-68D3-400C-A6A8-3CCB67B5FCFC}.Debug|Any CPU.ActiveCfg = Debug|Any CPU
		{F8F33F71-68D3-400C-A6A8-3CCB67B5FCFC}.Debug|Any CPU.Build.0 = Debug|Any CPU
		{F8F33F71-68D3-400C-A6A8-3CCB67B5FCFC}.Release|Any CPU.ActiveCfg = Release|Any CPU
		{F8F33F71-68D3-400C-A6A8-3CCB67B5FCFC}.Release|Any CPU.Build.0 = Release|Any CPU
	EndGlobalSection
	GlobalSection(SolutionProperties) = preSolution
		HideSolutionNode = FALSE
	EndGlobalSection
EndGlobal
